# This file is automatically @generated by Cargo.
# It is not intended for manual editing.
version = 4

[[package]]
name = "neoboot"
version = "0.1.0"
dependencies = [
 "neolib",
]

[[package]]
name = "neolib"
version = "0.1.0"

[[package]]
name = "neorom"
version = "0.1.0"
dependencies = [
 "neoboot",
 "neolib",
]
